
Microsoft Visual Studio Solution File, Format Version 12.00
# Visual Studio Version 17
VisualStudioVersion = 17.14.36408.4 d17.14
MinimumVisualStudioVersion = 10.0.40219.1
Project("{FAE04EC0-301F-11D3-BF4B-00C04F79EFBC}") = "SimpleImageOCR", "SimpleImageOCR\SimpleImageOCR.csproj", "{01F3B2A7-A53C-4F44-83C0-A748D1B3457E}"
EndProject
Global
	GlobalSection(SolutionConfigurationPlatforms) = preSolution
		Debug|Any CPU = Debug|Any CPU
		Release|Any CPU = Release|Any CPU
	EndGlobalSection
	GlobalSection(ProjectConfigurationPlatforms) = postSolution
		{01F3B2A7-A53C-4F44-83C0-A748D1B3457E}.Debug|Any CPU.ActiveCfg = Debug|Any CPU
		{01F3B2A7-A53C-4F44-83C0-A748D1B3457E}.Debug|Any CPU.Build.0 = Debug|Any CPU
		{01F3B2A7-A53C-4F44-83C0-A748D1B3457E}.Release|Any CPU.ActiveCfg = Release|Any CPU
		{01F3B2A7-A53C-4F44-83C0-A748D1B3457E}.Release|Any CPU.Build.0 = Release|Any CPU
	EndGlobalSection
	GlobalSection(SolutionProperties) = preSolution
		HideSolutionNode = FALSE
	EndGlobalSection
	GlobalSection(ExtensibilityGlobals) = postSolution
		SolutionGuid = {3E9A5498-515F-4541-B7E7-8DFBC56E4332}
	EndGlobalSection
EndGlobal
